
Microsoft Visual Studio Solution File, Format Version 12.00
# Visual Studio Version 17
VisualStudioVersion = 17.1.32210.238
MinimumVisualStudioVersion = 10.0.40219.1
Project("{FAE04EC0-301F-11D3-BF4B-00C04F79EFBC}") = "Delegates and events", "Delegates and events\Delegates and events.csproj", "{2E7D82B9-BEEB-4E11-A825-E0153DAE4FF1}"
EndProject
Global
	GlobalSection(SolutionConfigurationPlatforms) = preSolution
		Debug|Any CPU = Debug|Any CPU
		Release|Any CPU = Release|Any CPU
	EndGlobalSection
	GlobalSection(ProjectConfigurationPlatforms) = postSolution
		{2E7D82B9-BEEB-4E11-A825-E0153DAE4FF1}.Debug|Any CPU.ActiveCfg = Debug|Any CPU
		{2E7D82B9-BEEB-4E11-A825-E0153DAE4FF1}.Debug|Any CPU.Build.0 = Debug|Any CPU
		{2E7D82B9-BEEB-4E11-A825-E0153DAE4FF1}.Release|Any CPU.ActiveCfg = Release|Any CPU
		{2E7D82B9-BEEB-4E11-A825-E0153DAE4FF1}.Release|Any CPU.Build.0 = Release|Any CPU
	EndGlobalSection
	GlobalSection(SolutionProperties) = preSolution
		HideSolutionNode = FALSE
	EndGlobalSection
	GlobalSection(ExtensibilityGlobals) = postSolution
		SolutionGuid = {BFB5936D-EC16-4D6C-A603-CC4ED2D0950F}
	EndGlobalSection
EndGlobal
